%{"gen_icmp": {:git, "https://github.com/msantos/gen_icmp", "2f15abb3c2b32fa94c68b8014c26e83bc3ed72fb", []},
  "pkt": {:git, "git://github.com/msantos/pkt.git", "8dd994caf48b22ebf18d0e7257a3d19ef9c8d9ee", [tag: "0.4.4"]},
  "procket": {:git, "git://github.com/msantos/procket.git", "eddc2d965f9b14abd06677cb2d1cf9c2ee9759ee", [tag: "0.5.1"]}}
